
Microsoft Visual Studio Solution File, Format Version 12.00
# Visual Studio Version 17
VisualStudioVersion = 17.8.34330.188
MinimumVisualStudioVersion = 10.0.40219.1
Project("{9A19103F-16F7-4668-BE54-9A1E7A4F7556}") = "Nowadays.Api", "Nowadays.Api\Nowadays.Api.csproj", "{2FAE80DC-E056-48C0-9795-A9E14A150490}"
EndProject
Project("{FAE04EC0-301F-11D3-BF4B-00C04F79EFBC}") = "Nowadays.Business", "Nowadays.Business\Nowadays.Business.csproj", "{C85900D3-3578-4DD0-B765-3438658F59AC}"
EndProject
Project("{FAE04EC0-301F-11D3-BF4B-00C04F79EFBC}") = "Nowadays.Entity", "Nowadays.Entity\Nowadays.Entity.csproj", "{AA3F8131-AE61-42D1-83BE-EA65330DABF1}"
EndProject
Project("{FAE04EC0-301F-11D3-BF4B-00C04F79EFBC}") = "Nowadays.DataAccess", "Nowadays.DataAccess\Nowadays.DataAccess.csproj", "{7E251DC5-2F00-4717-822C-FCE243082FEA}"
EndProject
Global
	GlobalSection(SolutionConfigurationPlatforms) = preSolution
		Debug|Any CPU = Debug|Any CPU
		Release|Any CPU = Release|Any CPU
	EndGlobalSection
	GlobalSection(ProjectConfigurationPlatforms) = postSolution
		{2FAE80DC-E056-48C0-9795-A9E14A150490}.Debug|Any CPU.ActiveCfg = Debug|Any CPU
		{2FAE80DC-E056-48C0-9795-A9E14A150490}.Debug|Any CPU.Build.0 = Debug|Any CPU
		{2FAE80DC-E056-48C0-9795-A9E14A150490}.Release|Any CPU.ActiveCfg = Release|Any CPU
		{2FAE80DC-E056-48C0-9795-A9E14A150490}.Release|Any CPU.Build.0 = Release|Any CPU
		{C85900D3-3578-4DD0-B765-3438658F59AC}.Debug|Any CPU.ActiveCfg = Debug|Any CPU
		{C85900D3-3578-4DD0-B765-3438658F59AC}.Debug|Any CPU.Build.0 = Debug|Any CPU
		{C85900D3-3578-4DD0-B765-3438658F59AC}.Release|Any CPU.ActiveCfg = Release|Any CPU
		{C85900D3-3578-4DD0-B765-3438658F59AC}.Release|Any CPU.Build.0 = Release|Any CPU
		{AA3F8131-AE61-42D1-83BE-EA65330DABF1}.Debug|Any CPU.ActiveCfg = Debug|Any CPU
		{AA3F8131-AE61-42D1-83BE-EA65330DABF1}.Debug|Any CPU.Build.0 = Debug|Any CPU
		{AA3F8131-AE61-42D1-83BE-EA65330DABF1}.Release|Any CPU.ActiveCfg = Release|Any CPU
		{AA3F8131-AE61-42D1-83BE-EA65330DABF1}.Release|Any CPU.Build.0 = Release|Any CPU
		{7E251DC5-2F00-4717-822C-FCE243082FEA}.Debug|Any CPU.ActiveCfg = Debug|Any CPU
		{7E251DC5-2F00-4717-822C-FCE243082FEA}.Debug|Any CPU.Build.0 = Debug|Any CPU
		{7E251DC5-2F00-4717-822C-FCE243082FEA}.Release|Any CPU.ActiveCfg = Release|Any CPU
		{7E251DC5-2F00-4717-822C-FCE243082FEA}.Release|Any CPU.Build.0 = Release|Any CPU
	EndGlobalSection
	GlobalSection(SolutionProperties) = preSolution
		HideSolutionNode = FALSE
	EndGlobalSection
	GlobalSection(ExtensibilityGlobals) = postSolution
		SolutionGuid = {8A85FDB4-3A6C-40EC-98E8-575549C348BB}
	EndGlobalSection
EndGlobal
